
Microsoft Visual Studio Solution File, Format Version 12.00
# Visual Studio Version 16
VisualStudioVersion = 16.0.29020.237
MinimumVisualStudioVersion = 15.0.26124.0
Project("{9A19103F-16F7-4668-BE54-9A1E7A4F7556}") = "Matrimony.Core", "Matrimony.Core\Matrimony.Core.csproj", "{3F13FFA9-7C89-42B7-BA66-972A1876EFEF}"
EndProject
Project("{9A19103F-16F7-4668-BE54-9A1E7A4F7556}") = "Matrimony.Infrastructure", "Matrimony.Infrastructure\Matrimony.Infrastructure.csproj", "{989AC384-B8A6-4F6C-A33A-B1875FEDA384}"
EndProject
Project("{9A19103F-16F7-4668-BE54-9A1E7A4F7556}") = "Matrimony.WebAPI", "Matrimony.WebAPI\Matrimony.WebAPI.csproj", "{C873A28C-2A7D-4166-9342-2DEC2D433349}"
EndProject
Project("{2150E333-8FDC-42A3-9474-1A3956D46DE8}") = "UnitTests", "UnitTests", "{B82AB7DB-B53F-43B7-8BFC-8EB298B26110}"
EndProject
Project("{9A19103F-16F7-4668-BE54-9A1E7A4F7556}") = "Core.NUnitTests", "Core.NUnitTests\Core.NUnitTests.csproj", "{EBAC233E-CFC2-49E3-A499-9C2379DB7431}"
EndProject
Global
	GlobalSection(SolutionConfigurationPlatforms) = preSolution
		Debug|Any CPU = Debug|Any CPU
		Debug|x64 = Debug|x64
		Debug|x86 = Debug|x86
		Release|Any CPU = Release|Any CPU
		Release|x64 = Release|x64
		Release|x86 = Release|x86
	EndGlobalSection
	GlobalSection(ProjectConfigurationPlatforms) = postSolution
		{3F13FFA9-7C89-42B7-BA66-972A1876EFEF}.Debug|Any CPU.ActiveCfg = Debug|Any CPU
		{3F13FFA9-7C89-42B7-BA66-972A1876EFEF}.Debug|Any CPU.Build.0 = Debug|Any CPU
		{3F13FFA9-7C89-42B7-BA66-972A1876EFEF}.Debug|x64.ActiveCfg = Debug|Any CPU
		{3F13FFA9-7C89-42B7-BA66-972A1876EFEF}.Debug|x64.Build.0 = Debug|Any CPU
		{3F13FFA9-7C89-42B7-BA66-972A1876EFEF}.Debug|x86.ActiveCfg = Debug|Any CPU
		{3F13FFA9-7C89-42B7-BA66-972A1876EFEF}.Debug|x86.Build.0 = Debug|Any CPU
		{3F13FFA9-7C89-42B7-BA66-972A1876EFEF}.Release|Any CPU.ActiveCfg = Release|Any CPU
		{3F13FFA9-7C89-42B7-BA66-972A1876EFEF}.Release|Any CPU.Build.0 = Release|Any CPU
		{3F13FFA9-7C89-42B7-BA66-972A1876EFEF}.Release|x64.ActiveCfg = Release|Any CPU
		{3F13FFA9-7C89-42B7-BA66-972A1876EFEF}.Release|x64.Build.0 = Release|Any CPU
		{3F13FFA9-7C89-42B7-BA66-972A1876EFEF}.Release|x86.ActiveCfg = Release|Any CPU
		{3F13FFA9-7C89-42B7-BA66-972A1876EFEF}.Release|x86.Build.0 = Release|Any CPU
		{989AC384-B8A6-4F6C-A33A-B1875FEDA384}.Debug|Any CPU.ActiveCfg = Debug|Any CPU
		{989AC384-B8A6-4F6C-A33A-B1875FEDA384}.Debug|Any CPU.Build.0 = Debug|Any CPU
		{989AC384-B8A6-4F6C-A33A-B1875FEDA384}.Debug|x64.ActiveCfg = Debug|Any CPU
		{989AC384-B8A6-4F6C-A33A-B1875FEDA384}.Debug|x64.Build.0 = Debug|Any CPU
		{989AC384-B8A6-4F6C-A33A-B1875FEDA384}.Debug|x86.ActiveCfg = Debug|Any CPU
		{989AC384-B8A6-4F6C-A33A-B1875FEDA384}.Debug|x86.Build.0 = Debug|Any CPU
		{989AC384-B8A6-4F6C-A33A-B1875FEDA384}.Release|Any CPU.ActiveCfg = Release|Any CPU
		{989AC384-B8A6-4F6C-A33A-B1875FEDA384}.Release|Any CPU.Build.0 = Release|Any CPU
		{989AC384-B8A6-4F6C-A33A-B1875FEDA384}.Release|x64.ActiveCfg = Release|Any CPU
		{989AC384-B8A6-4F6C-A33A-B1875FEDA384}.Release|x64.Build.0 = Release|Any CPU
		{989AC384-B8A6-4F6C-A33A-B1875FEDA384}.Release|x86.ActiveCfg = Release|Any CPU
		{989AC384-B8A6-4F6C-A33A-B1875FEDA384}.Release|x86.Build.0 = Release|Any CPU
		{C873A28C-2A7D-4166-9342-2DEC2D433349}.Debug|Any CPU.ActiveCfg = Debug|Any CPU
		{C873A28C-2A7D-4166-9342-2DEC2D433349}.Debug|Any CPU.Build.0 = Debug|Any CPU
		{C873A28C-2A7D-4166-9342-2DEC2D433349}.Debug|x64.ActiveCfg = Debug|Any CPU
		{C873A28C-2A7D-4166-9342-2DEC2D433349}.Debug|x64.Build.0 = Debug|Any CPU
		{C873A28C-2A7D-4166-9342-2DEC2D433349}.Debug|x86.ActiveCfg = Debug|Any CPU
		{C873A28C-2A7D-4166-9342-2DEC2D433349}.Debug|x86.Build.0 = Debug|Any CPU
		{C873A28C-2A7D-4166-9342-2DEC2D433349}.Release|Any CPU.ActiveCfg = Release|Any CPU
		{C873A28C-2A7D-4166-9342-2DEC2D433349}.Release|Any CPU.Build.0 = Release|Any CPU
		{C873A28C-2A7D-4166-9342-2DEC2D433349}.Release|x64.ActiveCfg = Release|Any CPU
		{C873A28C-2A7D-4166-9342-2DEC2D433349}.Release|x64.Build.0 = Release|Any CPU
		{C873A28C-2A7D-4166-9342-2DEC2D433349}.Release|x86.ActiveCfg = Release|Any CPU
		{C873A28C-2A7D-4166-9342-2DEC2D433349}.Release|x86.Build.0 = Release|Any CPU
		{EBAC233E-CFC2-49E3-A499-9C2379DB7431}.Debug|Any CPU.ActiveCfg = Debug|Any CPU
		{EBAC233E-CFC2-49E3-A499-9C2379DB7431}.Debug|Any CPU.Build.0 = Debug|Any CPU
		{EBAC233E-CFC2-49E3-A499-9C2379DB7431}.Debug|x64.ActiveCfg = Debug|Any CPU
		{EBAC233E-CFC2-49E3-A499-9C2379DB7431}.Debug|x64.Build.0 = Debug|Any CPU
		{EBAC233E-CFC2-49E3-A499-9C2379DB7431}.Debug|x86.ActiveCfg = Debug|Any CPU
		{EBAC233E-CFC2-49E3-A499-9C2379DB7431}.Debug|x86.Build.0 = Debug|Any CPU
		{EBAC233E-CFC2-49E3-A499-9C2379DB7431}.Release|Any CPU.ActiveCfg = Release|Any CPU
		{EBAC233E-CFC2-49E3-A499-9C2379DB7431}.Release|Any CPU.Build.0 = Release|Any CPU
		{EBAC233E-CFC2-49E3-A499-9C2379DB7431}.Release|x64.ActiveCfg = Release|Any CPU
		{EBAC233E-CFC2-49E3-A499-9C2379DB7431}.Release|x64.Build.0 = Release|Any CPU
		{EBAC233E-CFC2-49E3-A499-9C2379DB7431}.Release|x86.ActiveCfg = Release|Any CPU
		{EBAC233E-CFC2-49E3-A499-9C2379DB7431}.Release|x86.Build.0 = Release|Any CPU
	EndGlobalSection
	GlobalSection(SolutionProperties) = preSolution
		HideSolutionNode = FALSE
	EndGlobalSection
	GlobalSection(NestedProjects) = preSolution
		{EBAC233E-CFC2-49E3-A499-9C2379DB7431} = {B82AB7DB-B53F-43B7-8BFC-8EB298B26110}
	EndGlobalSection
	GlobalSection(ExtensibilityGlobals) = postSolution
		SolutionGuid = {0DAE4B79-9772-4F1C-9B96-AB51544260E6}
	EndGlobalSection
EndGlobal
